
Microsoft Visual Studio Solution File, Format Version 11.00
# Visual Studio 2010
Project("{FAE04EC0-301F-11D3-BF4B-00C04F79EFBC}") = "Assembly-CSharp", "Assembly-CSharp.csproj", "{DC91F4D3-12B9-92E1-B747-5C9C65C0D84A}"
EndProject
Project("{FAE04EC0-301F-11D3-BF4B-00C04F79EFBC}") = "Assembly-CSharp-Editor", "Assembly-CSharp-Editor.csproj", "{F2AACEF2-A2CF-F104-2174-A25A286A9FA7}"
EndProject
Global
	GlobalSection(SolutionConfigurationPlatforms) = preSolution
		Debug|Any CPU = Debug|Any CPU
		Release|Any CPU = Release|Any CPU
	EndGlobalSection
	GlobalSection(ProjectConfigurationPlatforms) = postSolution
		{DC91F4D3-12B9-92E1-B747-5C9C65C0D84A}.Debug|Any CPU.ActiveCfg = Debug|Any CPU
		{DC91F4D3-12B9-92E1-B747-5C9C65C0D84A}.Debug|Any CPU.Build.0 = Debug|Any CPU
		{DC91F4D3-12B9-92E1-B747-5C9C65C0D84A}.Release|Any CPU.ActiveCfg = Release|Any CPU
		{DC91F4D3-12B9-92E1-B747-5C9C65C0D84A}.Release|Any CPU.Build.0 = Release|Any CPU
		{F2AACEF2-A2CF-F104-2174-A25A286A9FA7}.Debug|Any CPU.ActiveCfg = Debug|Any CPU
		{F2AACEF2-A2CF-F104-2174-A25A286A9FA7}.Debug|Any CPU.Build.0 = Debug|Any CPU
		{F2AACEF2-A2CF-F104-2174-A25A286A9FA7}.Release|Any CPU.ActiveCfg = Release|Any CPU
		{F2AACEF2-A2CF-F104-2174-A25A286A9FA7}.Release|Any CPU.Build.0 = Release|Any CPU
	EndGlobalSection
	GlobalSection(SolutionProperties) = preSolution
		HideSolutionNode = FALSE
	EndGlobalSection
EndGlobal
